
Microsoft Visual Studio Solution File, Format Version 12.00
# Visual Studio Version 17
VisualStudioVersion = 17.0.31912.275
MinimumVisualStudioVersion = 10.0.40219.1
Project("{FAE04EC0-301F-11D3-BF4B-00C04F79EFBC}") = "ApexRDO.UWP", "ApexRDO\ApexRDO.UWP\ApexRDO.UWP.csproj", "{A32D293F-CFBA-4916-903E-B46D8071F9D6}"
EndProject
Project("{FAE04EC0-301F-11D3-BF4B-00C04F79EFBC}") = "ApexRDO.Android", "ApexRDO\ApexRDO.Android\ApexRDO.Android.csproj", "{048B41D2-FF82-4FD9-A60F-A082793E322F}"
EndProject
Project("{FAE04EC0-301F-11D3-BF4B-00C04F79EFBC}") = "ApexRDO.iOS", "ApexRDO\ApexRDO.iOS\ApexRDO.iOS.csproj", "{E318B3E0-AA87-475D-9E0A-229218319012}"
EndProject
Project("{9A19103F-16F7-4668-BE54-9A1E7A4F7556}") = "ApexRDO", "ApexRDO\ApexRDO\ApexRDO.csproj", "{8E64F4B5-4131-40E2-A119-BA0CAE219EA0}"
EndProject
Project("{D954291E-2A0B-460D-934E-DC6B0785DB48}") = "ArcGISRuntime.Samples.Shared", "ApexRDO\ArcGISRuntime.Samples.Shared\ArcGISRuntime.Samples.Shared.shproj", "{0AD85845-0BA1-4DC9-8C32-E6FD7632E32D}"
EndProject
Global
	GlobalSection(SolutionConfigurationPlatforms) = preSolution
		Debug|Any CPU = Debug|Any CPU
		Debug|ARM = Debug|ARM
		Debug|iPhone = Debug|iPhone
		Debug|iPhoneSimulator = Debug|iPhoneSimulator
		Debug|x64 = Debug|x64
		Debug|x86 = Debug|x86
		Release|Any CPU = Release|Any CPU
		Release|ARM = Release|ARM
		Release|iPhone = Release|iPhone
		Release|iPhoneSimulator = Release|iPhoneSimulator
		Release|x64 = Release|x64
		Release|x86 = Release|x86
	EndGlobalSection
	GlobalSection(ProjectConfigurationPlatforms) = postSolution
		{A32D293F-CFBA-4916-903E-B46D8071F9D6}.Debug|Any CPU.ActiveCfg = Debug|x64
		{A32D293F-CFBA-4916-903E-B46D8071F9D6}.Debug|Any CPU.Build.0 = Debug|x64
		{A32D293F-CFBA-4916-903E-B46D8071F9D6}.Debug|Any CPU.Deploy.0 = Debug|x64
		{A32D293F-CFBA-4916-903E-B46D8071F9D6}.Debug|ARM.ActiveCfg = Debug|ARM
		{A32D293F-CFBA-4916-903E-B46D8071F9D6}.Debug|ARM.Build.0 = Debug|ARM
		{A32D293F-CFBA-4916-903E-B46D8071F9D6}.Debug|ARM.Deploy.0 = Debug|ARM
		{A32D293F-CFBA-4916-903E-B46D8071F9D6}.Debug|iPhone.ActiveCfg = Debug|x64
		{A32D293F-CFBA-4916-903E-B46D8071F9D6}.Debug|iPhone.Build.0 = Debug|x64
		{A32D293F-CFBA-4916-903E-B46D8071F9D6}.Debug|iPhone.Deploy.0 = Debug|x64
		{A32D293F-CFBA-4916-903E-B46D8071F9D6}.Debug|iPhoneSimulator.ActiveCfg = Debug|x64
		{A32D293F-CFBA-4916-903E-B46D8071F9D6}.Debug|iPhoneSimulator.Build.0 = Debug|x64
		{A32D293F-CFBA-4916-903E-B46D8071F9D6}.Debug|iPhoneSimulator.Deploy.0 = Debug|x64
		{A32D293F-CFBA-4916-903E-B46D8071F9D6}.Debug|x64.ActiveCfg = Debug|x64
		{A32D293F-CFBA-4916-903E-B46D8071F9D6}.Debug|x64.Build.0 = Debug|x64
		{A32D293F-CFBA-4916-903E-B46D8071F9D6}.Debug|x64.Deploy.0 = Debug|x64
		{A32D293F-CFBA-4916-903E-B46D8071F9D6}.Debug|x86.ActiveCfg = Debug|x86
		{A32D293F-CFBA-4916-903E-B46D8071F9D6}.Debug|x86.Build.0 = Debug|x86
		{A32D293F-CFBA-4916-903E-B46D8071F9D6}.Debug|x86.Deploy.0 = Debug|x86
		{A32D293F-CFBA-4916-903E-B46D8071F9D6}.Release|Any CPU.ActiveCfg = Release|x64
		{A32D293F-CFBA-4916-903E-B46D8071F9D6}.Release|Any CPU.Build.0 = Release|x64
		{A32D293F-CFBA-4916-903E-B46D8071F9D6}.Release|Any CPU.Deploy.0 = Release|x64
		{A32D293F-CFBA-4916-903E-B46D8071F9D6}.Release|ARM.ActiveCfg = Release|ARM
		{A32D293F-CFBA-4916-903E-B46D8071F9D6}.Release|ARM.Build.0 = Release|ARM
		{A32D293F-CFBA-4916-903E-B46D8071F9D6}.Release|ARM.Deploy.0 = Release|ARM
		{A32D293F-CFBA-4916-903E-B46D8071F9D6}.Release|iPhone.ActiveCfg = Release|x64
		{A32D293F-CFBA-4916-903E-B46D8071F9D6}.Release|iPhone.Build.0 = Release|x64
		{A32D293F-CFBA-4916-903E-B46D8071F9D6}.Release|iPhone.Deploy.0 = Release|x64
		{A32D293F-CFBA-4916-903E-B46D8071F9D6}.Release|iPhoneSimulator.ActiveCfg = Release|x64
		{A32D293F-CFBA-4916-903E-B46D8071F9D6}.Release|iPhoneSimulator.Build.0 = Release|x64
		{A32D293F-CFBA-4916-903E-B46D8071F9D6}.Release|iPhoneSimulator.Deploy.0 = Release|x64
		{A32D293F-CFBA-4916-903E-B46D8071F9D6}.Release|x64.ActiveCfg = Release|x64
		{A32D293F-CFBA-4916-903E-B46D8071F9D6}.Release|x64.Build.0 = Release|x64
		{A32D293F-CFBA-4916-903E-B46D8071F9D6}.Release|x64.Deploy.0 = Release|x64
		{A32D293F-CFBA-4916-903E-B46D8071F9D6}.Release|x86.ActiveCfg = Release|x86
		{A32D293F-CFBA-4916-903E-B46D8071F9D6}.Release|x86.Build.0 = Release|x86
		{A32D293F-CFBA-4916-903E-B46D8071F9D6}.Release|x86.Deploy.0 = Release|x86
		{048B41D2-FF82-4FD9-A60F-A082793E322F}.Debug|Any CPU.ActiveCfg = Debug|Any CPU
		{048B41D2-FF82-4FD9-A60F-A082793E322F}.Debug|Any CPU.Build.0 = Debug|Any CPU
		{048B41D2-FF82-4FD9-A60F-A082793E322F}.Debug|Any CPU.Deploy.0 = Debug|Any CPU
		{048B41D2-FF82-4FD9-A60F-A082793E322F}.Debug|ARM.ActiveCfg = Debug|Any CPU
		{048B41D2-FF82-4FD9-A60F-A082793E322F}.Debug|ARM.Build.0 = Debug|Any CPU
		{048B41D2-FF82-4FD9-A60F-A082793E322F}.Debug|ARM.Deploy.0 = Debug|Any CPU
		{048B41D2-FF82-4FD9-A60F-A082793E322F}.Debug|iPhone.ActiveCfg = Debug|Any CPU
		{048B41D2-FF82-4FD9-A60F-A082793E322F}.Debug|iPhone.Build.0 = Debug|Any CPU
		{048B41D2-FF82-4FD9-A60F-A082793E322F}.Debug|iPhone.Deploy.0 = Debug|Any CPU
		{048B41D2-FF82-4FD9-A60F-A082793E322F}.Debug|iPhoneSimulator.ActiveCfg = Debug|Any CPU
		{048B41D2-FF82-4FD9-A60F-A082793E322F}.Debug|iPhoneSimulator.Build.0 = Debug|Any CPU
		{048B41D2-FF82-4FD9-A60F-A082793E322F}.Debug|iPhoneSimulator.Deploy.0 = Debug|Any CPU
		{048B41D2-FF82-4FD9-A60F-A082793E322F}.Debug|x64.ActiveCfg = Debug|Any CPU
		{048B41D2-FF82-4FD9-A60F-A082793E322F}.Debug|x64.Build.0 = Debug|Any CPU
		{048B41D2-FF82-4FD9-A60F-A082793E322F}.Debug|x64.Deploy.0 = Debug|Any CPU
		{048B41D2-FF82-4FD9-A60F-A082793E322F}.Debug|x86.ActiveCfg = Debug|Any CPU
		{048B41D2-FF82-4FD9-A60F-A082793E322F}.Debug|x86.Build.0 = Debug|Any CPU
		{048B41D2-FF82-4FD9-A60F-A082793E322F}.Debug|x86.Deploy.0 = Debug|Any CPU
		{048B41D2-FF82-4FD9-A60F-A082793E322F}.Release|Any CPU.ActiveCfg = Release|Any CPU
		{048B41D2-FF82-4FD9-A60F-A082793E322F}.Release|Any CPU.Build.0 = Release|Any CPU
		{048B41D2-FF82-4FD9-A60F-A082793E322F}.Release|Any CPU.Deploy.0 = Release|Any CPU
		{048B41D2-FF82-4FD9-A60F-A082793E322F}.Release|ARM.ActiveCfg = Release|Any CPU
		{048B41D2-FF82-4FD9-A60F-A082793E322F}.Release|ARM.Build.0 = Release|Any CPU
		{048B41D2-FF82-4FD9-A60F-A082793E322F}.Release|ARM.Deploy.0 = Release|Any CPU
		{048B41D2-FF82-4FD9-A60F-A082793E322F}.Release|iPhone.ActiveCfg = Release|Any CPU
		{048B41D2-FF82-4FD9-A60F-A082793E322F}.Release|iPhone.Build.0 = Release|Any CPU
		{048B41D2-FF82-4FD9-A60F-A082793E322F}.Release|iPhone.Deploy.0 = Release|Any CPU
		{048B41D2-FF82-4FD9-A60F-A082793E322F}.Release|iPhoneSimulator.ActiveCfg = Release|Any CPU
		{048B41D2-FF82-4FD9-A60F-A082793E322F}.Release|iPhoneSimulator.Build.0 = Release|Any CPU
		{048B41D2-FF82-4FD9-A60F-A082793E322F}.Release|iPhoneSimulator.Deploy.0 = Release|Any CPU
		{048B41D2-FF82-4FD9-A60F-A082793E322F}.Release|x64.ActiveCfg = Release|Any CPU
		{048B41D2-FF82-4FD9-A60F-A082793E322F}.Release|x64.Build.0 = Release|Any CPU
		{048B41D2-FF82-4FD9-A60F-A082793E322F}.Release|x64.Deploy.0 = Release|Any CPU
		{048B41D2-FF82-4FD9-A60F-A082793E322F}.Release|x86.ActiveCfg = Release|Any CPU
		{048B41D2-FF82-4FD9-A60F-A082793E322F}.Release|x86.Build.0 = Release|Any CPU
		{048B41D2-FF82-4FD9-A60F-A082793E322F}.Release|x86.Deploy.0 = Release|Any CPU
		{E318B3E0-AA87-475D-9E0A-229218319012}.Debug|Any CPU.ActiveCfg = Debug|iPhoneSimulator
		{E318B3E0-AA87-475D-9E0A-229218319012}.Debug|Any CPU.Build.0 = Debug|iPhoneSimulator
		{E318B3E0-AA87-475D-9E0A-229218319012}.Debug|Any CPU.Deploy.0 = Debug|iPhoneSimulator
		{E318B3E0-AA87-475D-9E0A-229218319012}.Debug|ARM.ActiveCfg = Debug|iPhoneSimulator
		{E318B3E0-AA87-475D-9E0A-229218319012}.Debug|ARM.Build.0 = Debug|iPhoneSimulator
		{E318B3E0-AA87-475D-9E0A-229218319012}.Debug|ARM.Deploy.0 = Debug|iPhoneSimulator
		{E318B3E0-AA87-475D-9E0A-229218319012}.Debug|iPhone.ActiveCfg = Debug|iPhone
		{E318B3E0-AA87-475D-9E0A-229218319012}.Debug|iPhone.Build.0 = Debug|iPhone
		{E318B3E0-AA87-475D-9E0A-229218319012}.Debug|iPhone.Deploy.0 = Debug|iPhone
		{E318B3E0-AA87-475D-9E0A-229218319012}.Debug|iPhoneSimulator.ActiveCfg = Debug|iPhoneSimulator
		{E318B3E0-AA87-475D-9E0A-229218319012}.Debug|iPhoneSimulator.Build.0 = Debug|iPhoneSimulator
		{E318B3E0-AA87-475D-9E0A-229218319012}.Debug|iPhoneSimulator.Deploy.0 = Debug|iPhoneSimulator
		{E318B3E0-AA87-475D-9E0A-229218319012}.Debug|x64.ActiveCfg = Debug|iPhone
		{E318B3E0-AA87-475D-9E0A-229218319012}.Debug|x64.Build.0 = Debug|iPhone
		{E318B3E0-AA87-475D-9E0A-229218319012}.Debug|x64.Deploy.0 = Debug|iPhone
		{E318B3E0-AA87-475D-9E0A-229218319012}.Debug|x86.ActiveCfg = Debug|iPhoneSimulator
		{E318B3E0-AA87-475D-9E0A-229218319012}.Debug|x86.Build.0 = Debug|iPhoneSimulator
		{E318B3E0-AA87-475D-9E0A-229218319012}.Debug|x86.Deploy.0 = Debug|iPhoneSimulator
		{E318B3E0-AA87-475D-9E0A-229218319012}.Release|Any CPU.ActiveCfg = Release|iPhoneSimulator
		{E318B3E0-AA87-475D-9E0A-229218319012}.Release|Any CPU.Build.0 = Release|iPhoneSimulator
		{E318B3E0-AA87-475D-9E0A-229218319012}.Release|Any CPU.Deploy.0 = Release|iPhoneSimulator
		{E318B3E0-AA87-475D-9E0A-229218319012}.Release|ARM.ActiveCfg = Release|iPhoneSimulator
		{E318B3E0-AA87-475D-9E0A-229218319012}.Release|ARM.Build.0 = Release|iPhoneSimulator
		{E318B3E0-AA87-475D-9E0A-229218319012}.Release|ARM.Deploy.0 = Release|iPhoneSimulator
		{E318B3E0-AA87-475D-9E0A-229218319012}.Release|iPhone.ActiveCfg = Release|iPhone
		{E318B3E0-AA87-475D-9E0A-229218319012}.Release|iPhone.Build.0 = Release|iPhone
		{E318B3E0-AA87-475D-9E0A-229218319012}.Release|iPhone.Deploy.0 = Release|iPhone
		{E318B3E0-AA87-475D-9E0A-229218319012}.Release|iPhoneSimulator.ActiveCfg = Release|iPhoneSimulator
		{E318B3E0-AA87-475D-9E0A-229218319012}.Release|iPhoneSimulator.Build.0 = Release|iPhoneSimulator
		{E318B3E0-AA87-475D-9E0A-229218319012}.Release|iPhoneSimulator.Deploy.0 = Release|iPhoneSimulator
		{E318B3E0-AA87-475D-9E0A-229218319012}.Release|x64.ActiveCfg = Release|iPhoneSimulator
		{E318B3E0-AA87-475D-9E0A-229218319012}.Release|x64.Build.0 = Release|iPhoneSimulator
		{E318B3E0-AA87-475D-9E0A-229218319012}.Release|x64.Deploy.0 = Release|iPhoneSimulator
		{E318B3E0-AA87-475D-9E0A-229218319012}.Release|x86.ActiveCfg = Release|iPhoneSimulator
		{E318B3E0-AA87-475D-9E0A-229218319012}.Release|x86.Build.0 = Release|iPhoneSimulator
		{E318B3E0-AA87-475D-9E0A-229218319012}.Release|x86.Deploy.0 = Release|iPhoneSimulator
		{8E64F4B5-4131-40E2-A119-BA0CAE219EA0}.Debug|Any CPU.ActiveCfg = Debug|Any CPU
		{8E64F4B5-4131-40E2-A119-BA0CAE219EA0}.Debug|Any CPU.Build.0 = Debug|Any CPU
		{8E64F4B5-4131-40E2-A119-BA0CAE219EA0}.Debug|Any CPU.Deploy.0 = Debug|Any CPU
		{8E64F4B5-4131-40E2-A119-BA0CAE219EA0}.Debug|ARM.ActiveCfg = Debug|Any CPU
		{8E64F4B5-4131-40E2-A119-BA0CAE219EA0}.Debug|ARM.Build.0 = Debug|Any CPU
		{8E64F4B5-4131-40E2-A119-BA0CAE219EA0}.Debug|ARM.Deploy.0 = Debug|Any CPU
		{8E64F4B5-4131-40E2-A119-BA0CAE219EA0}.Debug|iPhone.ActiveCfg = Debug|Any CPU
		{8E64F4B5-4131-40E2-A119-BA0CAE219EA0}.Debug|iPhone.Build.0 = Debug|Any CPU
		{8E64F4B5-4131-40E2-A119-BA0CAE219EA0}.Debug|iPhone.Deploy.0 = Debug|Any CPU
		{8E64F4B5-4131-40E2-A119-BA0CAE219EA0}.Debug|iPhoneSimulator.ActiveCfg = Debug|Any CPU
		{8E64F4B5-4131-40E2-A119-BA0CAE219EA0}.Debug|iPhoneSimulator.Build.0 = Debug|Any CPU
		{8E64F4B5-4131-40E2-A119-BA0CAE219EA0}.Debug|iPhoneSimulator.Deploy.0 = Debug|Any CPU
		{8E64F4B5-4131-40E2-A119-BA0CAE219EA0}.Debug|x64.ActiveCfg = Debug|Any CPU
		{8E64F4B5-4131-40E2-A119-BA0CAE219EA0}.Debug|x64.Build.0 = Debug|Any CPU
		{8E64F4B5-4131-40E2-A119-BA0CAE219EA0}.Debug|x64.Deploy.0 = Debug|Any CPU
		{8E64F4B5-4131-40E2-A119-BA0CAE219EA0}.Debug|x86.ActiveCfg = Debug|Any CPU
		{8E64F4B5-4131-40E2-A119-BA0CAE219EA0}.Debug|x86.Build.0 = Debug|Any CPU
		{8E64F4B5-4131-40E2-A119-BA0CAE219EA0}.Debug|x86.Deploy.0 = Debug|Any CPU
		{8E64F4B5-4131-40E2-A119-BA0CAE219EA0}.Release|Any CPU.ActiveCfg = Release|Any CPU
		{8E64F4B5-4131-40E2-A119-BA0CAE219EA0}.Release|Any CPU.Build.0 = Release|Any CPU
		{8E64F4B5-4131-40E2-A119-BA0CAE219EA0}.Release|Any CPU.Deploy.0 = Release|Any CPU
		{8E64F4B5-4131-40E2-A119-BA0CAE219EA0}.Release|ARM.ActiveCfg = Release|Any CPU
		{8E64F4B5-4131-40E2-A119-BA0CAE219EA0}.Release|ARM.Build.0 = Release|Any CPU
		{8E64F4B5-4131-40E2-A119-BA0CAE219EA0}.Release|ARM.Deploy.0 = Release|Any CPU
		{8E64F4B5-4131-40E2-A119-BA0CAE219EA0}.Release|iPhone.ActiveCfg = Release|Any CPU
		{8E64F4B5-4131-40E2-A119-BA0CAE219EA0}.Release|iPhone.Build.0 = Release|Any CPU
		{8E64F4B5-4131-40E2-A119-BA0CAE219EA0}.Release|iPhone.Deploy.0 = Release|Any CPU
		{8E64F4B5-4131-40E2-A119-BA0CAE219EA0}.Release|iPhoneSimulator.ActiveCfg = Release|Any CPU
		{8E64F4B5-4131-40E2-A119-BA0CAE219EA0}.Release|iPhoneSimulator.Build.0 = Release|Any CPU
		{8E64F4B5-4131-40E2-A119-BA0CAE219EA0}.Release|iPhoneSimulator.Deploy.0 = Release|Any CPU
		{8E64F4B5-4131-40E2-A119-BA0CAE219EA0}.Release|x64.ActiveCfg = Release|Any CPU
		{8E64F4B5-4131-40E2-A119-BA0CAE219EA0}.Release|x64.Build.0 = Release|Any CPU
		{8E64F4B5-4131-40E2-A119-BA0CAE219EA0}.Release|x64.Deploy.0 = Release|Any CPU
		{8E64F4B5-4131-40E2-A119-BA0CAE219EA0}.Release|x86.ActiveCfg = Release|Any CPU
		{8E64F4B5-4131-40E2-A119-BA0CAE219EA0}.Release|x86.Build.0 = Release|Any CPU
		{8E64F4B5-4131-40E2-A119-BA0CAE219EA0}.Release|x86.Deploy.0 = Release|Any CPU
	EndGlobalSection
	GlobalSection(SolutionProperties) = preSolution
		HideSolutionNode = FALSE
	EndGlobalSection
	GlobalSection(ExtensibilityGlobals) = postSolution
		SolutionGuid = {63D36A70-37BD-4C4B-9537-3B0D8760F383}
	EndGlobalSection
EndGlobal
